
Microsoft Visual Studio Solution File, Format Version 12.00
# Visual Studio 15
VisualStudioVersion = 15.0.28307.136
MinimumVisualStudioVersion = 10.0.40219.1
Project("{FAE04EC0-301F-11D3-BF4B-00C04F79EFBC}") = "Fishers Folder Cloner", "Fishers Folder Cloner\Fishers Folder Cloner.csproj", "{37D978B6-639B-4FFD-8BB8-2302B51DDE42}"
EndProject
Global
	GlobalSection(SolutionConfigurationPlatforms) = preSolution
		Debug|Any CPU = Debug|Any CPU
		Release|Any CPU = Release|Any CPU
	EndGlobalSection
	GlobalSection(ProjectConfigurationPlatforms) = postSolution
		{37D978B6-639B-4FFD-8BB8-2302B51DDE42}.Debug|Any CPU.ActiveCfg = Debug|Any CPU
		{37D978B6-639B-4FFD-8BB8-2302B51DDE42}.Debug|Any CPU.Build.0 = Debug|Any CPU
		{37D978B6-639B-4FFD-8BB8-2302B51DDE42}.Release|Any CPU.ActiveCfg = Release|Any CPU
		{37D978B6-639B-4FFD-8BB8-2302B51DDE42}.Release|Any CPU.Build.0 = Release|Any CPU
	EndGlobalSection
	GlobalSection(SolutionProperties) = preSolution
		HideSolutionNode = FALSE
	EndGlobalSection
	GlobalSection(ExtensibilityGlobals) = postSolution
		SolutionGuid = {3C705C4A-046D-4594-AA0B-E82E24990A34}
	EndGlobalSection
EndGlobal
